{
  "projects": [
    {
      "projectId": "seaQhLVS4bbjiGvJJrRwyL",
      "version": "latest",
      "dependencies": {},
      "lang": "ts",
      "fileLocks": [
        {
          "assetId": "seaQhLVS4bbjiGvJJrRwyL",
          "type": "projectCss",
          "checksum": "dc88471beadb978e51eb3ceb75d10fdb"
        }
      ]
    },
    {
      "projectId": "c2SjLp6892vXwRCy1RsP3K",
      "version": "latest",
      "dependencies": {
        "seaQhLVS4bbjiGvJJrRwyL": "15.0.3"
      },
      "lang": "ts",
      "fileLocks": [
        {
          "type": "globalVariant",
          "assetId": "dcMZoNjGlEcKKd",
          "checksum": "d3d2b2807175ef44edfb5d360ee76475"
        },
        {
          "type": "renderModule",
          "assetId": "iKRWKKqannfaC",
          "checksum": "3686f2a518b1fb5c8e1bed287b23bcb0"
        },
        {
          "type": "cssRules",
          "assetId": "iKRWKKqannfaC",
          "checksum": "3686f2a518b1fb5c8e1bed287b23bcb0"
        },
        {
          "type": "renderModule",
          "assetId": "MWIfbZfLp8Wzf",
          "checksum": "3f71b79cba7d6090a01ffd07ed7dcf1f"
        },
        {
          "type": "cssRules",
          "assetId": "MWIfbZfLp8Wzf",
          "checksum": "3f71b79cba7d6090a01ffd07ed7dcf1f"
        },
        {
          "type": "renderModule",
          "assetId": "3HZysQBVJ98OW",
          "checksum": "97b4f29338a95ba8a8513b5bf9b37f07"
        },
        {
          "type": "cssRules",
          "assetId": "3HZysQBVJ98OW",
          "checksum": "97b4f29338a95ba8a8513b5bf9b37f07"
        },
        {
          "type": "renderModule",
          "assetId": "8Yt4hkYZm2Zjv",
          "checksum": "85dd9c997ca311f8d1aa8ba7189d400f"
        },
        {
          "type": "cssRules",
          "assetId": "8Yt4hkYZm2Zjv",
          "checksum": "85dd9c997ca311f8d1aa8ba7189d400f"
        },
        {
          "type": "renderModule",
          "assetId": "6dEAhn3gzU1vE",
          "checksum": "ca1268319ad9278157da1fb32f1367da"
        },
        {
          "type": "cssRules",
          "assetId": "6dEAhn3gzU1vE",
          "checksum": "ca1268319ad9278157da1fb32f1367da"
        },
        {
          "type": "renderModule",
          "assetId": "wQrpetOcr3nlu",
          "checksum": "2a66d4e42dec6e694c1f1f6ddab767b4"
        },
        {
          "type": "cssRules",
          "assetId": "wQrpetOcr3nlu",
          "checksum": "2a66d4e42dec6e694c1f1f6ddab767b4"
        },
        {
          "type": "renderModule",
          "assetId": "iyzyfHT4dKsRV",
          "checksum": "c72afd2d98d4ca136daf84354274a810"
        },
        {
          "type": "cssRules",
          "assetId": "iyzyfHT4dKsRV",
          "checksum": "c72afd2d98d4ca136daf84354274a810"
        },
        {
          "type": "renderModule",
          "assetId": "ZhomkEENPJxEv",
          "checksum": "dcf3d0f39223f1d60446f276dc24fe34"
        },
        {
          "type": "cssRules",
          "assetId": "ZhomkEENPJxEv",
          "checksum": "dcf3d0f39223f1d60446f276dc24fe34"
        },
        {
          "type": "renderModule",
          "assetId": "9mzowm6u1VsFR",
          "checksum": "afee070555085594db2c0f1f98fe8f28"
        },
        {
          "type": "cssRules",
          "assetId": "9mzowm6u1VsFR",
          "checksum": "afee070555085594db2c0f1f98fe8f28"
        },
        {
          "type": "renderModule",
          "assetId": "fBVNwyuYJzH-7F",
          "checksum": "87374aaf22f76136d14a5e621fe79c5e"
        },
        {
          "type": "cssRules",
          "assetId": "fBVNwyuYJzH-7F",
          "checksum": "87374aaf22f76136d14a5e621fe79c5e"
        },
        {
          "type": "renderModule",
          "assetId": "rr_kRuctNCpGQD",
          "checksum": "440d6f0582cab03728c584a2bcac65ba"
        },
        {
          "type": "cssRules",
          "assetId": "rr_kRuctNCpGQD",
          "checksum": "440d6f0582cab03728c584a2bcac65ba"
        },
        {
          "type": "renderModule",
          "assetId": "OEBAIVUvG-Y1-3",
          "checksum": "2ace99d9c7c8e0adb4e26cf1697aab77"
        },
        {
          "type": "cssRules",
          "assetId": "OEBAIVUvG-Y1-3",
          "checksum": "2ace99d9c7c8e0adb4e26cf1697aab77"
        },
        {
          "type": "renderModule",
          "assetId": "kmuH-e99t0Vp3f",
          "checksum": "c96ac38294dd83f9967add3eca5b1999"
        },
        {
          "type": "cssRules",
          "assetId": "kmuH-e99t0Vp3f",
          "checksum": "c96ac38294dd83f9967add3eca5b1999"
        },
        {
          "type": "renderModule",
          "assetId": "5QLJTMyfS0fL6L",
          "checksum": "debeaebc547adbed25c9b7a15335409b"
        },
        {
          "type": "cssRules",
          "assetId": "5QLJTMyfS0fL6L",
          "checksum": "debeaebc547adbed25c9b7a15335409b"
        },
        {
          "type": "renderModule",
          "assetId": "V8n6RvBvIDP9OQ",
          "checksum": "d5705b85ae334c8806878e4c16223c21"
        },
        {
          "type": "cssRules",
          "assetId": "V8n6RvBvIDP9OQ",
          "checksum": "d5705b85ae334c8806878e4c16223c21"
        },
        {
          "type": "renderModule",
          "assetId": "MalYTn95NjUzwh",
          "checksum": "69e8c62c9289e82eb286c47a25988021"
        },
        {
          "type": "cssRules",
          "assetId": "MalYTn95NjUzwh",
          "checksum": "69e8c62c9289e82eb286c47a25988021"
        },
        {
          "type": "renderModule",
          "assetId": "d3_7egb85aPcxw",
          "checksum": "5a1f6e51d16afe793e87baa939a5b4c3"
        },
        {
          "type": "cssRules",
          "assetId": "d3_7egb85aPcxw",
          "checksum": "5a1f6e51d16afe793e87baa939a5b4c3"
        },
        {
          "type": "image",
          "assetId": "ey3BLUu7t2kHcR",
          "checksum": "d25941a41dd7ce85cda1d3f11e1f199f"
        },
        {
          "type": "image",
          "assetId": "iuPobV0SCe18hN",
          "checksum": "c8ad91a3dcc0f148de096dda136aa95f"
        },
        {
          "type": "image",
          "assetId": "rPqzjfXomcia9u",
          "checksum": "e49f012d9d5b1c11dbeea90b6aeadb8b"
        },
        {
          "type": "image",
          "assetId": "v16p9N4fNqtiXw",
          "checksum": "b08877f604e03244ed874cedb8d543ba"
        },
        {
          "assetId": "c2SjLp6892vXwRCy1RsP3K",
          "type": "projectCss",
          "checksum": "9b354f6a41b9479079b18ddb3cb4c422"
        },
        {
          "type": "icon",
          "assetId": "ov3bPSnznTr6Ja",
          "checksum": "0f542836e186e913ba4b27ffbb1260ec"
        },
        {
          "type": "icon",
          "assetId": "5NDQqlXJ1x_RXN",
          "checksum": "8180f65df561ac8b07f6f7b8b7fd46d4"
        },
        {
          "type": "icon",
          "assetId": "cS-Yd-SPeT8Vjr",
          "checksum": "6fe024488cd5baca0f6376bb50345bb1"
        },
        {
          "type": "icon",
          "assetId": "s6-jVcO2BO5pI2",
          "checksum": "185cf45240ea1abb3ce8809be558df82"
        },
        {
          "type": "icon",
          "assetId": "oh9CrpmJEj58jv",
          "checksum": "2809227e3b204bdee3b985cb952263bb"
        },
        {
          "type": "icon",
          "assetId": "FzHGj7InueM76J",
          "checksum": "5b5f4936bd0e76c63c56635ec754e4ca"
        },
        {
          "type": "icon",
          "assetId": "vARLxfkJ0f6Lcf",
          "checksum": "4ef9e279cf813656c0fed1c825c13be0"
        },
        {
          "type": "icon",
          "assetId": "y-11j_u82nxF7w",
          "checksum": "1eb207a083f8560461f1242f773ad074"
        },
        {
          "type": "icon",
          "assetId": "YUWonqyDb0gwZb",
          "checksum": "b23b41fd9c461ee67dd178cf1c0f1da1"
        },
        {
          "type": "icon",
          "assetId": "mccPSKwNmFp1u6",
          "checksum": "ed293af9186bc7cd567e67905a2157ee"
        },
        {
          "type": "icon",
          "assetId": "t_6zE9VRkCoGrR",
          "checksum": "e4c7c14748e9054a8d69c440882b8be8"
        },
        {
          "type": "icon",
          "assetId": "pzwOlHIyXvHDbX",
          "checksum": "a301899377853f1c1be1f6b98f41be48"
        },
        {
          "type": "icon",
          "assetId": "rY-HgoTJUW1Fc1",
          "checksum": "7d02368d424fee26cca5e14d8ecf0629"
        },
        {
          "type": "icon",
          "assetId": "emWIhpeGNJIE41",
          "checksum": "476f453728899ffb2b77fce9cb09df24"
        },
        {
          "type": "icon",
          "assetId": "FdcmfPTShQPLzL",
          "checksum": "219946956eb601c469523701f2492699"
        },
        {
          "type": "icon",
          "assetId": "WZp6jat2oUEE65",
          "checksum": "f8f3fdce066d08165ae576ae2faf70e9"
        },
        {
          "type": "icon",
          "assetId": "0nyUTTTKD5jqcV",
          "checksum": "1058e4814173b902f4836e61b8c77551"
        },
        {
          "type": "icon",
          "assetId": "-_jMvnj_TK2VXD",
          "checksum": "33fbb8db5c87cb3424ee885ae7501bda"
        },
        {
          "type": "icon",
          "assetId": "SXHTMjD1zL8aA5",
          "checksum": "1018f463fe03ab3754872f9f01a167aa"
        }
      ]
    }
  ],
  "cliVersion": "0.1.134"
}
